{
  "name": "uni-app-applet-ailkop",
  "version": "1.0.0",
  "lockfileVersion": 3,
  "requires": true,
  "packages": {
    "": {
      "name": "uni-app-applet-ailkop",
      "version": "1.0.0",
      "license": "ISC",
      "dependencies": {
        "@vant/area-data": "^2.0.0",
        "@vant/weapp": "^1.11.7",
        "dayjs": "^1.11.13",
        "uni-read-pages": "^1.0.5",
        "uni-simple-router": "^2.0.7"
      }
    },
    "node_modules/@vant/area-data": {
      "version": "2.0.0",
      "resolved": "https://registry.npmmirror.com/@vant/area-data/-/area-data-2.0.0.tgz",
      "integrity": "sha512-zgP4AA8z09S9QTNgVCCHo9cHjcybrv22RJDYPjuCkecn4SB98T5EoPQh2TwqbQXmUhbaOGgiZGy3OUaUxnY7qg==",
      "license": "MIT"
    },
    "node_modules/@vant/weapp": {
      "version": "1.11.7",
      "resolved": "https://registry.npmmirror.com/@vant/weapp/-/weapp-1.11.7.tgz",
      "integrity": "sha512-Rwn9BBnb4kHSV4XmvBicwtd42J+amEUfnFDcXJsGNPNX4a9c/DoT6YLsm4X1wB2+sQbdiQsbFBLAvGRBxCkD8g==",
      "license": "MIT"
    },
    "node_modules/dayjs": {
      "version": "1.11.13",
      "resolved": "https://registry.npmjs.org/dayjs/-/dayjs-1.11.13.tgz",
      "integrity": "sha512-oaMBel6gjolK862uaPQOVTA7q3TZhuSvuMQAAglQDOWYO9A91IrAOUJEyKVlqJlHE0vq5p5UXxzdPfMH/x6xNg=="
    },
    "node_modules/uni-read-pages": {
      "version": "1.0.5",
      "resolved": "https://registry.npmmirror.com/uni-read-pages/-/uni-read-pages-1.0.5.tgz",
      "integrity": "sha512-GkrrZ0LX0vn9R5k6RKEi0Ez3Q3e2vUpjXQ8Z6/K/d28KudI9ajqgt8WEjQFlG5EPm1K6uTArN8LlqmZTEixDUA==",
      "hasInstallScript": true,
      "license": "ISC"
    },
    "node_modules/uni-simple-router": {
      "version": "2.0.7",
      "resolved": "https://registry.npmmirror.com/uni-simple-router/-/uni-simple-router-2.0.7.tgz",
      "integrity": "sha512-8FKv5dw7Eoonm0gkO8udprrxzin0fNUI0+AvIphFkFRH5ZmP5ZWJ2pvnWzb2NiiqQSECTSU5VSB7HhvOSwD5eA==",
      "license": "MIT"
    }
  }
}
